
Microsoft Visual Studio Solution File, Format Version 12.00
# Visual Studio 15
VisualStudioVersion = 15.0.26730.12
MinimumVisualStudioVersion = 10.0.40219.1
Project("{9A19103F-16F7-4668-BE54-9A1E7A4F7556}") = "Jaeger4Net", "Jaeger4Net\Jaeger4Net.csproj", "{5D86992C-5768-4115-B232-E77AABCA9660}"
EndProject
Project("{FAE04EC0-301F-11D3-BF4B-00C04F79EFBC}") = "Jaeger4Net.Tests", "Jaeger4Net.Tests\Jaeger4Net.Tests.csproj", "{CA11B551-7376-442E-A624-4DA1B0236CF7}"
EndProject
Global
	GlobalSection(SolutionConfigurationPlatforms) = preSolution
		Debug|Any CPU = Debug|Any CPU
		Release|Any CPU = Release|Any CPU
	EndGlobalSection
	GlobalSection(ProjectConfigurationPlatforms) = postSolution
		{5D86992C-5768-4115-B232-E77AABCA9660}.Debug|Any CPU.ActiveCfg = Debug|Any CPU
		{5D86992C-5768-4115-B232-E77AABCA9660}.Debug|Any CPU.Build.0 = Debug|Any CPU
		{5D86992C-5768-4115-B232-E77AABCA9660}.Release|Any CPU.ActiveCfg = Release|Any CPU
		{5D86992C-5768-4115-B232-E77AABCA9660}.Release|Any CPU.Build.0 = Release|Any CPU
		{CA11B551-7376-442E-A624-4DA1B0236CF7}.Debug|Any CPU.ActiveCfg = Debug|Any CPU
		{CA11B551-7376-442E-A624-4DA1B0236CF7}.Debug|Any CPU.Build.0 = Debug|Any CPU
		{CA11B551-7376-442E-A624-4DA1B0236CF7}.Release|Any CPU.ActiveCfg = Release|Any CPU
		{CA11B551-7376-442E-A624-4DA1B0236CF7}.Release|Any CPU.Build.0 = Release|Any CPU
	EndGlobalSection
	GlobalSection(SolutionProperties) = preSolution
		HideSolutionNode = FALSE
	EndGlobalSection
	GlobalSection(ExtensibilityGlobals) = postSolution
		SolutionGuid = {188C95DD-D562-42A7-8BE9-3F4D9566DA01}
	EndGlobalSection
EndGlobal
